
Microsoft Visual Studio Solution File, Format Version 12.00
# Visual Studio Version 17
VisualStudioVersion = 17.0.31903.59
MinimumVisualStudioVersion = 10.0.40219.1
Project("{FAE04EC0-301F-11D3-BF4B-00C04F79EFBC}") = "EOLib", "EOLib\EOLib.csproj", "{6838CD40-28DA-4A3F-9A4D-7F084BE56A01}"
EndProject
Project("{FAE04EC0-301F-11D3-BF4B-00C04F79EFBC}") = "EOLib.Test", "EOLib.Test\EOLib.Test.csproj", "{3DB8925E-742B-4DE3-9DBD-32EE81E497C0}"
EndProject
Project("{FAE04EC0-301F-11D3-BF4B-00C04F79EFBC}") = "ProtocolGenerator", "ProtocolGenerator\ProtocolGenerator.csproj", "{A21A28FE-14FF-4CEC-B686-EAC4A04A04DB}"
EndProject
Global
	GlobalSection(SolutionConfigurationPlatforms) = preSolution
		Debug|Any CPU = Debug|Any CPU
		Release|Any CPU = Release|Any CPU
	EndGlobalSection
	GlobalSection(SolutionProperties) = preSolution
		HideSolutionNode = FALSE
	EndGlobalSection
	GlobalSection(ProjectConfigurationPlatforms) = postSolution
		{6838CD40-28DA-4A3F-9A4D-7F084BE56A01}.Debug|Any CPU.ActiveCfg = Debug|Any CPU
		{6838CD40-28DA-4A3F-9A4D-7F084BE56A01}.Debug|Any CPU.Build.0 = Debug|Any CPU
		{6838CD40-28DA-4A3F-9A4D-7F084BE56A01}.Release|Any CPU.ActiveCfg = Release|Any CPU
		{6838CD40-28DA-4A3F-9A4D-7F084BE56A01}.Release|Any CPU.Build.0 = Release|Any CPU
		{3DB8925E-742B-4DE3-9DBD-32EE81E497C0}.Debug|Any CPU.ActiveCfg = Debug|Any CPU
		{3DB8925E-742B-4DE3-9DBD-32EE81E497C0}.Debug|Any CPU.Build.0 = Debug|Any CPU
		{3DB8925E-742B-4DE3-9DBD-32EE81E497C0}.Release|Any CPU.ActiveCfg = Release|Any CPU
		{3DB8925E-742B-4DE3-9DBD-32EE81E497C0}.Release|Any CPU.Build.0 = Release|Any CPU
		{A21A28FE-14FF-4CEC-B686-EAC4A04A04DB}.Debug|Any CPU.ActiveCfg = Debug|Any CPU
		{A21A28FE-14FF-4CEC-B686-EAC4A04A04DB}.Debug|Any CPU.Build.0 = Debug|Any CPU
		{A21A28FE-14FF-4CEC-B686-EAC4A04A04DB}.Release|Any CPU.ActiveCfg = Release|Any CPU
		{A21A28FE-14FF-4CEC-B686-EAC4A04A04DB}.Release|Any CPU.Build.0 = Release|Any CPU
	EndGlobalSection
EndGlobal
